
Microsoft Visual Studio Solution File, Format Version 12.00
# Visual Studio 14
VisualStudioVersion = 14.0.25420.1
MinimumVisualStudioVersion = 10.0.40219.1
Project("{FAE04EC0-301F-11D3-BF4B-00C04F79EFBC}") = "Sessiongrp45", "Sessiongrp45\Sessiongrp45.csproj", "{02C3E779-5202-4F3B-ACBA-C0B7E0EEEC60}"
EndProject
Project("{FAE04EC0-301F-11D3-BF4B-00C04F79EFBC}") = "mobileapp2.Droid", "mobileapp2\mobileapp2.Droid\mobileapp2.Droid.csproj", "{F5BBB6AE-6A42-4073-B35B-FB387E024E8F}"
EndProject
Project("{FAE04EC0-301F-11D3-BF4B-00C04F79EFBC}") = "mobileapp2.iOS", "mobileapp2\mobileapp2.iOS\mobileapp2.iOS.csproj", "{12C57BBB-AF54-417C-99D9-78CEAB235B58}"
EndProject
Project("{FAE04EC0-301F-11D3-BF4B-00C04F79EFBC}") = "mobileapp2.WinPhone", "mobileapp2\mobileapp2.WinPhone\mobileapp2.WinPhone.csproj", "{FEFEE59D-7D38-40E8-9AA5-C34C7E63407A}"
EndProject
Project("{FAE04EC0-301F-11D3-BF4B-00C04F79EFBC}") = "mobileapp2.UWP", "mobileapp2\mobileapp2.UWP\mobileapp2.UWP.csproj", "{38884284-A49A-4AE6-84E6-77DFD12B61A8}"
EndProject
Project("{FAE04EC0-301F-11D3-BF4B-00C04F79EFBC}") = "mobileapp2.Windows", "mobileapp2\mobileapp2.Windows\mobileapp2.Windows.csproj", "{06300D73-454D-4DC4-A267-C44B65BCAD96}"
EndProject
Project("{FAE04EC0-301F-11D3-BF4B-00C04F79EFBC}") = "mobileapp2", "mobileapp2\mobileapp2\mobileapp2.csproj", "{F5DC2E87-AA3A-425C-A31C-C403AEEFACEB}"
EndProject
Global
	GlobalSection(SolutionConfigurationPlatforms) = preSolution
		Ad-Hoc|Any CPU = Ad-Hoc|Any CPU
		Ad-Hoc|ARM = Ad-Hoc|ARM
		Ad-Hoc|iPhone = Ad-Hoc|iPhone
		Ad-Hoc|iPhoneSimulator = Ad-Hoc|iPhoneSimulator
		Ad-Hoc|x64 = Ad-Hoc|x64
		Ad-Hoc|x86 = Ad-Hoc|x86
		AppStore|Any CPU = AppStore|Any CPU
		AppStore|ARM = AppStore|ARM
		AppStore|iPhone = AppStore|iPhone
		AppStore|iPhoneSimulator = AppStore|iPhoneSimulator
		AppStore|x64 = AppStore|x64
		AppStore|x86 = AppStore|x86
		Debug|Any CPU = Debug|Any CPU
		Debug|ARM = Debug|ARM
		Debug|iPhone = Debug|iPhone
		Debug|iPhoneSimulator = Debug|iPhoneSimulator
		Debug|x64 = Debug|x64
		Debug|x86 = Debug|x86
		Release|Any CPU = Release|Any CPU
		Release|ARM = Release|ARM
		Release|iPhone = Release|iPhone
		Release|iPhoneSimulator = Release|iPhoneSimulator
		Release|x64 = Release|x64
		Release|x86 = Release|x86
	EndGlobalSection
	GlobalSection(ProjectConfigurationPlatforms) = postSolution
		{02C3E779-5202-4F3B-ACBA-C0B7E0EEEC60}.Ad-Hoc|Any CPU.ActiveCfg = Release|Any CPU
		{02C3E779-5202-4F3B-ACBA-C0B7E0EEEC60}.Ad-Hoc|Any CPU.Build.0 = Release|Any CPU
		{02C3E779-5202-4F3B-ACBA-C0B7E0EEEC60}.Ad-Hoc|ARM.ActiveCfg = Release|Any CPU
		{02C3E779-5202-4F3B-ACBA-C0B7E0EEEC60}.Ad-Hoc|ARM.Build.0 = Release|Any CPU
		{02C3E779-5202-4F3B-ACBA-C0B7E0EEEC60}.Ad-Hoc|iPhone.ActiveCfg = Release|Any CPU
		{02C3E779-5202-4F3B-ACBA-C0B7E0EEEC60}.Ad-Hoc|iPhone.Build.0 = Release|Any CPU
		{02C3E779-5202-4F3B-ACBA-C0B7E0EEEC60}.Ad-Hoc|iPhoneSimulator.ActiveCfg = Release|Any CPU
		{02C3E779-5202-4F3B-ACBA-C0B7E0EEEC60}.Ad-Hoc|iPhoneSimulator.Build.0 = Release|Any CPU
		{02C3E779-5202-4F3B-ACBA-C0B7E0EEEC60}.Ad-Hoc|x64.ActiveCfg = Release|Any CPU
		{02C3E779-5202-4F3B-ACBA-C0B7E0EEEC60}.Ad-Hoc|x64.Build.0 = Release|Any CPU
		{02C3E779-5202-4F3B-ACBA-C0B7E0EEEC60}.Ad-Hoc|x86.ActiveCfg = Release|Any CPU
		{02C3E779-5202-4F3B-ACBA-C0B7E0EEEC60}.Ad-Hoc|x86.Build.0 = Release|Any CPU
		{02C3E779-5202-4F3B-ACBA-C0B7E0EEEC60}.AppStore|Any CPU.ActiveCfg = Release|Any CPU
		{02C3E779-5202-4F3B-ACBA-C0B7E0EEEC60}.AppStore|Any CPU.Build.0 = Release|Any CPU
		{02C3E779-5202-4F3B-ACBA-C0B7E0EEEC60}.AppStore|ARM.ActiveCfg = Release|Any CPU
		{02C3E779-5202-4F3B-ACBA-C0B7E0EEEC60}.AppStore|ARM.Build.0 = Release|Any CPU
		{02C3E779-5202-4F3B-ACBA-C0B7E0EEEC60}.AppStore|iPhone.ActiveCfg = Release|Any CPU
		{02C3E779-5202-4F3B-ACBA-C0B7E0EEEC60}.AppStore|iPhone.Build.0 = Release|Any CPU
		{02C3E779-5202-4F3B-ACBA-C0B7E0EEEC60}.AppStore|iPhoneSimulator.ActiveCfg = Release|Any CPU
		{02C3E779-5202-4F3B-ACBA-C0B7E0EEEC60}.AppStore|iPhoneSimulator.Build.0 = Release|Any CPU
		{02C3E779-5202-4F3B-ACBA-C0B7E0EEEC60}.AppStore|x64.ActiveCfg = Release|Any CPU
		{02C3E779-5202-4F3B-ACBA-C0B7E0EEEC60}.AppStore|x64.Build.0 = Release|Any CPU
		{02C3E779-5202-4F3B-ACBA-C0B7E0EEEC60}.AppStore|x86.ActiveCfg = Release|Any CPU
		{02C3E779-5202-4F3B-ACBA-C0B7E0EEEC60}.AppStore|x86.Build.0 = Release|Any CPU
		{02C3E779-5202-4F3B-ACBA-C0B7E0EEEC60}.Debug|Any CPU.ActiveCfg = Debug|Any CPU
		{02C3E779-5202-4F3B-ACBA-C0B7E0EEEC60}.Debug|Any CPU.Build.0 = Debug|Any CPU
		{02C3E779-5202-4F3B-ACBA-C0B7E0EEEC60}.Debug|ARM.ActiveCfg = Debug|Any CPU
		{02C3E779-5202-4F3B-ACBA-C0B7E0EEEC60}.Debug|ARM.Build.0 = Debug|Any CPU
		{02C3E779-5202-4F3B-ACBA-C0B7E0EEEC60}.Debug|iPhone.ActiveCfg = Debug|Any CPU
		{02C3E779-5202-4F3B-ACBA-C0B7E0EEEC60}.Debug|iPhone.Build.0 = Debug|Any CPU
		{02C3E779-5202-4F3B-ACBA-C0B7E0EEEC60}.Debug|iPhoneSimulator.ActiveCfg = Debug|Any CPU
		{02C3E779-5202-4F3B-ACBA-C0B7E0EEEC60}.Debug|iPhoneSimulator.Build.0 = Debug|Any CPU
		{02C3E779-5202-4F3B-ACBA-C0B7E0EEEC60}.Debug|x64.ActiveCfg = Debug|Any CPU
		{02C3E779-5202-4F3B-ACBA-C0B7E0EEEC60}.Debug|x64.Build.0 = Debug|Any CPU
		{02C3E779-5202-4F3B-ACBA-C0B7E0EEEC60}.Debug|x86.ActiveCfg = Debug|Any CPU
		{02C3E779-5202-4F3B-ACBA-C0B7E0EEEC60}.Debug|x86.Build.0 = Debug|Any CPU
		{02C3E779-5202-4F3B-ACBA-C0B7E0EEEC60}.Release|Any CPU.ActiveCfg = Release|Any CPU
		{02C3E779-5202-4F3B-ACBA-C0B7E0EEEC60}.Release|Any CPU.Build.0 = Release|Any CPU
		{02C3E779-5202-4F3B-ACBA-C0B7E0EEEC60}.Release|ARM.ActiveCfg = Release|Any CPU
		{02C3E779-5202-4F3B-ACBA-C0B7E0EEEC60}.Release|ARM.Build.0 = Release|Any CPU
		{02C3E779-5202-4F3B-ACBA-C0B7E0EEEC60}.Release|iPhone.ActiveCfg = Release|Any CPU
		{02C3E779-5202-4F3B-ACBA-C0B7E0EEEC60}.Release|iPhone.Build.0 = Release|Any CPU
		{02C3E779-5202-4F3B-ACBA-C0B7E0EEEC60}.Release|iPhoneSimulator.ActiveCfg = Release|Any CPU
		{02C3E779-5202-4F3B-ACBA-C0B7E0EEEC60}.Release|iPhoneSimulator.Build.0 = Release|Any CPU
		{02C3E779-5202-4F3B-ACBA-C0B7E0EEEC60}.Release|x64.ActiveCfg = Release|Any CPU
		{02C3E779-5202-4F3B-ACBA-C0B7E0EEEC60}.Release|x64.Build.0 = Release|Any CPU
		{02C3E779-5202-4F3B-ACBA-C0B7E0EEEC60}.Release|x86.ActiveCfg = Release|Any CPU
		{02C3E779-5202-4F3B-ACBA-C0B7E0EEEC60}.Release|x86.Build.0 = Release|Any CPU
		{F5BBB6AE-6A42-4073-B35B-FB387E024E8F}.Ad-Hoc|Any CPU.ActiveCfg = Release|Any CPU
		{F5BBB6AE-6A42-4073-B35B-FB387E024E8F}.Ad-Hoc|Any CPU.Build.0 = Release|Any CPU
		{F5BBB6AE-6A42-4073-B35B-FB387E024E8F}.Ad-Hoc|Any CPU.Deploy.0 = Release|Any CPU
		{F5BBB6AE-6A42-4073-B35B-FB387E024E8F}.Ad-Hoc|ARM.ActiveCfg = Release|Any CPU
		{F5BBB6AE-6A42-4073-B35B-FB387E024E8F}.Ad-Hoc|ARM.Build.0 = Release|Any CPU
		{F5BBB6AE-6A42-4073-B35B-FB387E024E8F}.Ad-Hoc|ARM.Deploy.0 = Release|Any CPU
		{F5BBB6AE-6A42-4073-B35B-FB387E024E8F}.Ad-Hoc|iPhone.ActiveCfg = Release|Any CPU
		{F5BBB6AE-6A42-4073-B35B-FB387E024E8F}.Ad-Hoc|iPhone.Build.0 = Release|Any CPU
		{F5BBB6AE-6A42-4073-B35B-FB387E024E8F}.Ad-Hoc|iPhone.Deploy.0 = Release|Any CPU
		{F5BBB6AE-6A42-4073-B35B-FB387E024E8F}.Ad-Hoc|iPhoneSimulator.ActiveCfg = Release|Any CPU
		{F5BBB6AE-6A42-4073-B35B-FB387E024E8F}.Ad-Hoc|iPhoneSimulator.Build.0 = Release|Any CPU
		{F5BBB6AE-6A42-4073-B35B-FB387E024E8F}.Ad-Hoc|iPhoneSimulator.Deploy.0 = Release|Any CPU
		{F5BBB6AE-6A42-4073-B35B-FB387E024E8F}.Ad-Hoc|x64.ActiveCfg = Release|Any CPU
		{F5BBB6AE-6A42-4073-B35B-FB387E024E8F}.Ad-Hoc|x64.Build.0 = Release|Any CPU
		{F5BBB6AE-6A42-4073-B35B-FB387E024E8F}.Ad-Hoc|x64.Deploy.0 = Release|Any CPU
		{F5BBB6AE-6A42-4073-B35B-FB387E024E8F}.Ad-Hoc|x86.ActiveCfg = Release|Any CPU
		{F5BBB6AE-6A42-4073-B35B-FB387E024E8F}.Ad-Hoc|x86.Build.0 = Release|Any CPU
		{F5BBB6AE-6A42-4073-B35B-FB387E024E8F}.Ad-Hoc|x86.Deploy.0 = Release|Any CPU
		{F5BBB6AE-6A42-4073-B35B-FB387E024E8F}.AppStore|Any CPU.ActiveCfg = Release|Any CPU
		{F5BBB6AE-6A42-4073-B35B-FB387E024E8F}.AppStore|Any CPU.Build.0 = Release|Any CPU
		{F5BBB6AE-6A42-4073-B35B-FB387E024E8F}.AppStore|Any CPU.Deploy.0 = Release|Any CPU
		{F5BBB6AE-6A42-4073-B35B-FB387E024E8F}.AppStore|ARM.ActiveCfg = Release|Any CPU
		{F5BBB6AE-6A42-4073-B35B-FB387E024E8F}.AppStore|ARM.Build.0 = Release|Any CPU
		{F5BBB6AE-6A42-4073-B35B-FB387E024E8F}.AppStore|ARM.Deploy.0 = Release|Any CPU
		{F5BBB6AE-6A42-4073-B35B-FB387E024E8F}.AppStore|iPhone.ActiveCfg = Release|Any CPU
		{F5BBB6AE-6A42-4073-B35B-FB387E024E8F}.AppStore|iPhone.Build.0 = Release|Any CPU
		{F5BBB6AE-6A42-4073-B35B-FB387E024E8F}.AppStore|iPhone.Deploy.0 = Release|Any CPU
		{F5BBB6AE-6A42-4073-B35B-FB387E024E8F}.AppStore|iPhoneSimulator.ActiveCfg = Release|Any CPU
		{F5BBB6AE-6A42-4073-B35B-FB387E024E8F}.AppStore|iPhoneSimulator.Build.0 = Release|Any CPU
		{F5BBB6AE-6A42-4073-B35B-FB387E024E8F}.AppStore|iPhoneSimulator.Deploy.0 = Release|Any CPU
		{F5BBB6AE-6A42-4073-B35B-FB387E024E8F}.AppStore|x64.ActiveCfg = Release|Any CPU
		{F5BBB6AE-6A42-4073-B35B-FB387E024E8F}.AppStore|x64.Build.0 = Release|Any CPU
		{F5BBB6AE-6A42-4073-B35B-FB387E024E8F}.AppStore|x64.Deploy.0 = Release|Any CPU
		{F5BBB6AE-6A42-4073-B35B-FB387E024E8F}.AppStore|x86.ActiveCfg = Release|Any CPU
		{F5BBB6AE-6A42-4073-B35B-FB387E024E8F}.AppStore|x86.Build.0 = Release|Any CPU
		{F5BBB6AE-6A42-4073-B35B-FB387E024E8F}.AppStore|x86.Deploy.0 = Release|Any CPU
		{F5BBB6AE-6A42-4073-B35B-FB387E024E8F}.Debug|Any CPU.ActiveCfg = Debug|Any CPU
		{F5BBB6AE-6A42-4073-B35B-FB387E024E8F}.Debug|Any CPU.Build.0 = Debug|Any CPU
		{F5BBB6AE-6A42-4073-B35B-FB387E024E8F}.Debug|Any CPU.Deploy.0 = Debug|Any CPU
		{F5BBB6AE-6A42-4073-B35B-FB387E024E8F}.Debug|ARM.ActiveCfg = Debug|Any CPU
		{F5BBB6AE-6A42-4073-B35B-FB387E024E8F}.Debug|ARM.Build.0 = Debug|Any CPU
		{F5BBB6AE-6A42-4073-B35B-FB387E024E8F}.Debug|ARM.Deploy.0 = Debug|Any CPU
		{F5BBB6AE-6A42-4073-B35B-FB387E024E8F}.Debug|iPhone.ActiveCfg = Debug|Any CPU
		{F5BBB6AE-6A42-4073-B35B-FB387E024E8F}.Debug|iPhone.Build.0 = Debug|Any CPU
		{F5BBB6AE-6A42-4073-B35B-FB387E024E8F}.Debug|iPhone.Deploy.0 = Debug|Any CPU
		{F5BBB6AE-6A42-4073-B35B-FB387E024E8F}.Debug|iPhoneSimulator.ActiveCfg = Debug|Any CPU
		{F5BBB6AE-6A42-4073-B35B-FB387E024E8F}.Debug|iPhoneSimulator.Build.0 = Debug|Any CPU
		{F5BBB6AE-6A42-4073-B35B-FB387E024E8F}.Debug|iPhoneSimulator.Deploy.0 = Debug|Any CPU
		{F5BBB6AE-6A42-4073-B35B-FB387E024E8F}.Debug|x64.ActiveCfg = Debug|Any CPU
		{F5BBB6AE-6A42-4073-B35B-FB387E024E8F}.Debug|x64.Build.0 = Debug|Any CPU
		{F5BBB6AE-6A42-4073-B35B-FB387E024E8F}.Debug|x64.Deploy.0 = Debug|Any CPU
		{F5BBB6AE-6A42-4073-B35B-FB387E024E8F}.Debug|x86.ActiveCfg = Debug|Any CPU
		{F5BBB6AE-6A42-4073-B35B-FB387E024E8F}.Debug|x86.Build.0 = Debug|Any CPU
		{F5BBB6AE-6A42-4073-B35B-FB387E024E8F}.Debug|x86.Deploy.0 = Debug|Any CPU
		{F5BBB6AE-6A42-4073-B35B-FB387E024E8F}.Release|Any CPU.ActiveCfg = Release|Any CPU
		{F5BBB6AE-6A42-4073-B35B-FB387E024E8F}.Release|Any CPU.Build.0 = Release|Any CPU
		{F5BBB6AE-6A42-4073-B35B-FB387E024E8F}.Release|Any CPU.Deploy.0 = Release|Any CPU
		{F5BBB6AE-6A42-4073-B35B-FB387E024E8F}.Release|ARM.ActiveCfg = Release|Any CPU
		{F5BBB6AE-6A42-4073-B35B-FB387E024E8F}.Release|ARM.Build.0 = Release|Any CPU
		{F5BBB6AE-6A42-4073-B35B-FB387E024E8F}.Release|ARM.Deploy.0 = Release|Any CPU
		{F5BBB6AE-6A42-4073-B35B-FB387E024E8F}.Release|iPhone.ActiveCfg = Release|Any CPU
		{F5BBB6AE-6A42-4073-B35B-FB387E024E8F}.Release|iPhone.Build.0 = Release|Any CPU
		{F5BBB6AE-6A42-4073-B35B-FB387E024E8F}.Release|iPhone.Deploy.0 = Release|Any CPU
		{F5BBB6AE-6A42-4073-B35B-FB387E024E8F}.Release|iPhoneSimulator.ActiveCfg = Release|Any CPU
		{F5BBB6AE-6A42-4073-B35B-FB387E024E8F}.Release|iPhoneSimulator.Build.0 = Release|Any CPU
		{F5BBB6AE-6A42-4073-B35B-FB387E024E8F}.Release|iPhoneSimulator.Deploy.0 = Release|Any CPU
		{F5BBB6AE-6A42-4073-B35B-FB387E024E8F}.Release|x64.ActiveCfg = Release|Any CPU
		{F5BBB6AE-6A42-4073-B35B-FB387E024E8F}.Release|x64.Build.0 = Release|Any CPU
		{F5BBB6AE-6A42-4073-B35B-FB387E024E8F}.Release|x64.Deploy.0 = Release|Any CPU
		{F5BBB6AE-6A42-4073-B35B-FB387E024E8F}.Release|x86.ActiveCfg = Release|Any CPU
		{F5BBB6AE-6A42-4073-B35B-FB387E024E8F}.Release|x86.Build.0 = Release|Any CPU
		{F5BBB6AE-6A42-4073-B35B-FB387E024E8F}.Release|x86.Deploy.0 = Release|Any CPU
		{12C57BBB-AF54-417C-99D9-78CEAB235B58}.Ad-Hoc|Any CPU.ActiveCfg = Ad-Hoc|iPhone
		{12C57BBB-AF54-417C-99D9-78CEAB235B58}.Ad-Hoc|ARM.ActiveCfg = Ad-Hoc|iPhone
		{12C57BBB-AF54-417C-99D9-78CEAB235B58}.Ad-Hoc|iPhone.ActiveCfg = Ad-Hoc|iPhone
		{12C57BBB-AF54-417C-99D9-78CEAB235B58}.Ad-Hoc|iPhone.Build.0 = Ad-Hoc|iPhone
		{12C57BBB-AF54-417C-99D9-78CEAB235B58}.Ad-Hoc|iPhoneSimulator.ActiveCfg = Ad-Hoc|iPhoneSimulator
		{12C57BBB-AF54-417C-99D9-78CEAB235B58}.Ad-Hoc|iPhoneSimulator.Build.0 = Ad-Hoc|iPhoneSimulator
		{12C57BBB-AF54-417C-99D9-78CEAB235B58}.Ad-Hoc|x64.ActiveCfg = Ad-Hoc|iPhone
		{12C57BBB-AF54-417C-99D9-78CEAB235B58}.Ad-Hoc|x86.ActiveCfg = Ad-Hoc|iPhone
		{12C57BBB-AF54-417C-99D9-78CEAB235B58}.AppStore|Any CPU.ActiveCfg = AppStore|iPhone
		{12C57BBB-AF54-417C-99D9-78CEAB235B58}.AppStore|ARM.ActiveCfg = AppStore|iPhone
		{12C57BBB-AF54-417C-99D9-78CEAB235B58}.AppStore|iPhone.ActiveCfg = AppStore|iPhone
		{12C57BBB-AF54-417C-99D9-78CEAB235B58}.AppStore|iPhone.Build.0 = AppStore|iPhone
		{12C57BBB-AF54-417C-99D9-78CEAB235B58}.AppStore|iPhoneSimulator.ActiveCfg = AppStore|iPhoneSimulator
		{12C57BBB-AF54-417C-99D9-78CEAB235B58}.AppStore|iPhoneSimulator.Build.0 = AppStore|iPhoneSimulator
		{12C57BBB-AF54-417C-99D9-78CEAB235B58}.AppStore|x64.ActiveCfg = AppStore|iPhone
		{12C57BBB-AF54-417C-99D9-78CEAB235B58}.AppStore|x86.ActiveCfg = AppStore|iPhone
		{12C57BBB-AF54-417C-99D9-78CEAB235B58}.Debug|Any CPU.ActiveCfg = Debug|iPhone
		{12C57BBB-AF54-417C-99D9-78CEAB235B58}.Debug|ARM.ActiveCfg = Debug|iPhone
		{12C57BBB-AF54-417C-99D9-78CEAB235B58}.Debug|iPhone.ActiveCfg = Debug|iPhone
		{12C57BBB-AF54-417C-99D9-78CEAB235B58}.Debug|iPhone.Build.0 = Debug|iPhone
		{12C57BBB-AF54-417C-99D9-78CEAB235B58}.Debug|iPhoneSimulator.ActiveCfg = Debug|iPhoneSimulator
		{12C57BBB-AF54-417C-99D9-78CEAB235B58}.Debug|iPhoneSimulator.Build.0 = Debug|iPhoneSimulator
		{12C57BBB-AF54-417C-99D9-78CEAB235B58}.Debug|x64.ActiveCfg = Debug|iPhone
		{12C57BBB-AF54-417C-99D9-78CEAB235B58}.Debug|x86.ActiveCfg = Debug|iPhone
		{12C57BBB-AF54-417C-99D9-78CEAB235B58}.Release|Any CPU.ActiveCfg = Release|iPhone
		{12C57BBB-AF54-417C-99D9-78CEAB235B58}.Release|ARM.ActiveCfg = Release|iPhone
		{12C57BBB-AF54-417C-99D9-78CEAB235B58}.Release|iPhone.ActiveCfg = Release|iPhone
		{12C57BBB-AF54-417C-99D9-78CEAB235B58}.Release|iPhone.Build.0 = Release|iPhone
		{12C57BBB-AF54-417C-99D9-78CEAB235B58}.Release|iPhoneSimulator.ActiveCfg = Release|iPhoneSimulator
		{12C57BBB-AF54-417C-99D9-78CEAB235B58}.Release|iPhoneSimulator.Build.0 = Release|iPhoneSimulator
		{12C57BBB-AF54-417C-99D9-78CEAB235B58}.Release|x64.ActiveCfg = Release|iPhone
		{12C57BBB-AF54-417C-99D9-78CEAB235B58}.Release|x86.ActiveCfg = Release|iPhone
		{FEFEE59D-7D38-40E8-9AA5-C34C7E63407A}.Ad-Hoc|Any CPU.ActiveCfg = Release|Any CPU
		{FEFEE59D-7D38-40E8-9AA5-C34C7E63407A}.Ad-Hoc|Any CPU.Build.0 = Release|Any CPU
		{FEFEE59D-7D38-40E8-9AA5-C34C7E63407A}.Ad-Hoc|Any CPU.Deploy.0 = Release|Any CPU
		{FEFEE59D-7D38-40E8-9AA5-C34C7E63407A}.Ad-Hoc|ARM.ActiveCfg = Release|ARM
		{FEFEE59D-7D38-40E8-9AA5-C34C7E63407A}.Ad-Hoc|ARM.Build.0 = Release|ARM
		{FEFEE59D-7D38-40E8-9AA5-C34C7E63407A}.Ad-Hoc|ARM.Deploy.0 = Release|ARM
		{FEFEE59D-7D38-40E8-9AA5-C34C7E63407A}.Ad-Hoc|iPhone.ActiveCfg = Release|Any CPU
		{FEFEE59D-7D38-40E8-9AA5-C34C7E63407A}.Ad-Hoc|iPhone.Build.0 = Release|Any CPU
		{FEFEE59D-7D38-40E8-9AA5-C34C7E63407A}.Ad-Hoc|iPhone.Deploy.0 = Release|Any CPU
		{FEFEE59D-7D38-40E8-9AA5-C34C7E63407A}.Ad-Hoc|iPhoneSimulator.ActiveCfg = Release|Any CPU
		{FEFEE59D-7D38-40E8-9AA5-C34C7E63407A}.Ad-Hoc|iPhoneSimulator.Build.0 = Release|Any CPU
		{FEFEE59D-7D38-40E8-9AA5-C34C7E63407A}.Ad-Hoc|iPhoneSimulator.Deploy.0 = Release|Any CPU
		{FEFEE59D-7D38-40E8-9AA5-C34C7E63407A}.Ad-Hoc|x64.ActiveCfg = Release|Any CPU
		{FEFEE59D-7D38-40E8-9AA5-C34C7E63407A}.Ad-Hoc|x64.Build.0 = Release|Any CPU
		{FEFEE59D-7D38-40E8-9AA5-C34C7E63407A}.Ad-Hoc|x64.Deploy.0 = Release|Any CPU
		{FEFEE59D-7D38-40E8-9AA5-C34C7E63407A}.Ad-Hoc|x86.ActiveCfg = Release|x86
		{FEFEE59D-7D38-40E8-9AA5-C34C7E63407A}.Ad-Hoc|x86.Build.0 = Release|x86
		{FEFEE59D-7D38-40E8-9AA5-C34C7E63407A}.Ad-Hoc|x86.Deploy.0 = Release|x86
		{FEFEE59D-7D38-40E8-9AA5-C34C7E63407A}.AppStore|Any CPU.ActiveCfg = Release|Any CPU
		{FEFEE59D-7D38-40E8-9AA5-C34C7E63407A}.AppStore|Any CPU.Build.0 = Release|Any CPU
		{FEFEE59D-7D38-40E8-9AA5-C34C7E63407A}.AppStore|Any CPU.Deploy.0 = Release|Any CPU
		{FEFEE59D-7D38-40E8-9AA5-C34C7E63407A}.AppStore|ARM.ActiveCfg = Release|ARM
		{FEFEE59D-7D38-40E8-9AA5-C34C7E63407A}.AppStore|ARM.Build.0 = Release|ARM
		{FEFEE59D-7D38-40E8-9AA5-C34C7E63407A}.AppStore|ARM.Deploy.0 = Release|ARM
		{FEFEE59D-7D38-40E8-9AA5-C34C7E63407A}.AppStore|iPhone.ActiveCfg = Release|Any CPU
		{FEFEE59D-7D38-40E8-9AA5-C34C7E63407A}.AppStore|iPhone.Build.0 = Release|Any CPU
		{FEFEE59D-7D38-40E8-9AA5-C34C7E63407A}.AppStore|iPhone.Deploy.0 = Release|Any CPU
		{FEFEE59D-7D38-40E8-9AA5-C34C7E63407A}.AppStore|iPhoneSimulator.ActiveCfg = Release|Any CPU
		{FEFEE59D-7D38-40E8-9AA5-C34C7E63407A}.AppStore|iPhoneSimulator.Build.0 = Release|Any CPU
		{FEFEE59D-7D38-40E8-9AA5-C34C7E63407A}.AppStore|iPhoneSimulator.Deploy.0 = Release|Any CPU
		{FEFEE59D-7D38-40E8-9AA5-C34C7E63407A}.AppStore|x64.ActiveCfg = Release|Any CPU
		{FEFEE59D-7D38-40E8-9AA5-C34C7E63407A}.AppStore|x64.Build.0 = Release|Any CPU
		{FEFEE59D-7D38-40E8-9AA5-C34C7E63407A}.AppStore|x64.Deploy.0 = Release|Any CPU
		{FEFEE59D-7D38-40E8-9AA5-C34C7E63407A}.AppStore|x86.ActiveCfg = Release|x86
		{FEFEE59D-7D38-40E8-9AA5-C34C7E63407A}.AppStore|x86.Build.0 = Release|x86
		{FEFEE59D-7D38-40E8-9AA5-C34C7E63407A}.AppStore|x86.Deploy.0 = Release|x86
		{FEFEE59D-7D38-40E8-9AA5-C34C7E63407A}.Debug|Any CPU.ActiveCfg = Debug|Any CPU
		{FEFEE59D-7D38-40E8-9AA5-C34C7E63407A}.Debug|Any CPU.Build.0 = Debug|Any CPU
		{FEFEE59D-7D38-40E8-9AA5-C34C7E63407A}.Debug|Any CPU.Deploy.0 = Debug|Any CPU
		{FEFEE59D-7D38-40E8-9AA5-C34C7E63407A}.Debug|ARM.ActiveCfg = Debug|ARM
		{FEFEE59D-7D38-40E8-9AA5-C34C7E63407A}.Debug|ARM.Build.0 = Debug|ARM
		{FEFEE59D-7D38-40E8-9AA5-C34C7E63407A}.Debug|ARM.Deploy.0 = Debug|ARM
		{FEFEE59D-7D38-40E8-9AA5-C34C7E63407A}.Debug|iPhone.ActiveCfg = Debug|Any CPU
		{FEFEE59D-7D38-40E8-9AA5-C34C7E63407A}.Debug|iPhone.Build.0 = Debug|Any CPU
		{FEFEE59D-7D38-40E8-9AA5-C34C7E63407A}.Debug|iPhone.Deploy.0 = Debug|Any CPU
		{FEFEE59D-7D38-40E8-9AA5-C34C7E63407A}.Debug|iPhoneSimulator.ActiveCfg = Debug|Any CPU
		{FEFEE59D-7D38-40E8-9AA5-C34C7E63407A}.Debug|iPhoneSimulator.Build.0 = Debug|Any CPU
		{FEFEE59D-7D38-40E8-9AA5-C34C7E63407A}.Debug|iPhoneSimulator.Deploy.0 = Debug|Any CPU
		{FEFEE59D-7D38-40E8-9AA5-C34C7E63407A}.Debug|x64.ActiveCfg = Debug|Any CPU
		{FEFEE59D-7D38-40E8-9AA5-C34C7E63407A}.Debug|x64.Build.0 = Debug|Any CPU
		{FEFEE59D-7D38-40E8-9AA5-C34C7E63407A}.Debug|x64.Deploy.0 = Debug|Any CPU
		{FEFEE59D-7D38-40E8-9AA5-C34C7E63407A}.Debug|x86.ActiveCfg = Debug|x86
		{FEFEE59D-7D38-40E8-9AA5-C34C7E63407A}.Debug|x86.Build.0 = Debug|x86
		{FEFEE59D-7D38-40E8-9AA5-C34C7E63407A}.Debug|x86.Deploy.0 = Debug|x86
		{FEFEE59D-7D38-40E8-9AA5-C34C7E63407A}.Release|Any CPU.ActiveCfg = Release|Any CPU
		{FEFEE59D-7D38-40E8-9AA5-C34C7E63407A}.Release|Any CPU.Build.0 = Release|Any CPU
		{FEFEE59D-7D38-40E8-9AA5-C34C7E63407A}.Release|Any CPU.Deploy.0 = Release|Any CPU
		{FEFEE59D-7D38-40E8-9AA5-C34C7E63407A}.Release|ARM.ActiveCfg = Release|ARM
		{FEFEE59D-7D38-40E8-9AA5-C34C7E63407A}.Release|ARM.Build.0 = Release|ARM
		{FEFEE59D-7D38-40E8-9AA5-C34C7E63407A}.Release|ARM.Deploy.0 = Release|ARM
		{FEFEE59D-7D38-40E8-9AA5-C34C7E63407A}.Release|iPhone.ActiveCfg = Release|Any CPU
		{FEFEE59D-7D38-40E8-9AA5-C34C7E63407A}.Release|iPhone.Build.0 = Release|Any CPU
		{FEFEE59D-7D38-40E8-9AA5-C34C7E63407A}.Release|iPhone.Deploy.0 = Release|Any CPU
		{FEFEE59D-7D38-40E8-9AA5-C34C7E63407A}.Release|iPhoneSimulator.ActiveCfg = Release|Any CPU
		{FEFEE59D-7D38-40E8-9AA5-C34C7E63407A}.Release|iPhoneSimulator.Build.0 = Release|Any CPU
		{FEFEE59D-7D38-40E8-9AA5-C34C7E63407A}.Release|iPhoneSimulator.Deploy.0 = Release|Any CPU
		{FEFEE59D-7D38-40E8-9AA5-C34C7E63407A}.Release|x64.ActiveCfg = Release|Any CPU
		{FEFEE59D-7D38-40E8-9AA5-C34C7E63407A}.Release|x64.Build.0 = Release|Any CPU
		{FEFEE59D-7D38-40E8-9AA5-C34C7E63407A}.Release|x64.Deploy.0 = Release|Any CPU
		{FEFEE59D-7D38-40E8-9AA5-C34C7E63407A}.Release|x86.ActiveCfg = Release|x86
		{FEFEE59D-7D38-40E8-9AA5-C34C7E63407A}.Release|x86.Build.0 = Release|x86
		{FEFEE59D-7D38-40E8-9AA5-C34C7E63407A}.Release|x86.Deploy.0 = Release|x86
		{38884284-A49A-4AE6-84E6-77DFD12B61A8}.Ad-Hoc|Any CPU.ActiveCfg = Release|x86
		{38884284-A49A-4AE6-84E6-77DFD12B61A8}.Ad-Hoc|Any CPU.Build.0 = Release|x86
		{38884284-A49A-4AE6-84E6-77DFD12B61A8}.Ad-Hoc|Any CPU.Deploy.0 = Release|x86
		{38884284-A49A-4AE6-84E6-77DFD12B61A8}.Ad-Hoc|ARM.ActiveCfg = Release|ARM
		{38884284-A49A-4AE6-84E6-77DFD12B61A8}.Ad-Hoc|ARM.Build.0 = Release|ARM
		{38884284-A49A-4AE6-84E6-77DFD12B61A8}.Ad-Hoc|ARM.Deploy.0 = Release|ARM
		{38884284-A49A-4AE6-84E6-77DFD12B61A8}.Ad-Hoc|iPhone.ActiveCfg = Release|x86
		{38884284-A49A-4AE6-84E6-77DFD12B61A8}.Ad-Hoc|iPhone.Build.0 = Release|x86
		{38884284-A49A-4AE6-84E6-77DFD12B61A8}.Ad-Hoc|iPhone.Deploy.0 = Release|x86
		{38884284-A49A-4AE6-84E6-77DFD12B61A8}.Ad-Hoc|iPhoneSimulator.ActiveCfg = Release|x86
		{38884284-A49A-4AE6-84E6-77DFD12B61A8}.Ad-Hoc|iPhoneSimulator.Build.0 = Release|x86
		{38884284-A49A-4AE6-84E6-77DFD12B61A8}.Ad-Hoc|iPhoneSimulator.Deploy.0 = Release|x86
		{38884284-A49A-4AE6-84E6-77DFD12B61A8}.Ad-Hoc|x64.ActiveCfg = Release|x64
		{38884284-A49A-4AE6-84E6-77DFD12B61A8}.Ad-Hoc|x64.Build.0 = Release|x64
		{38884284-A49A-4AE6-84E6-77DFD12B61A8}.Ad-Hoc|x64.Deploy.0 = Release|x64
		{38884284-A49A-4AE6-84E6-77DFD12B61A8}.Ad-Hoc|x86.ActiveCfg = Release|x86
		{38884284-A49A-4AE6-84E6-77DFD12B61A8}.Ad-Hoc|x86.Build.0 = Release|x86
		{38884284-A49A-4AE6-84E6-77DFD12B61A8}.Ad-Hoc|x86.Deploy.0 = Release|x86
		{38884284-A49A-4AE6-84E6-77DFD12B61A8}.AppStore|Any CPU.ActiveCfg = Release|x86
		{38884284-A49A-4AE6-84E6-77DFD12B61A8}.AppStore|Any CPU.Build.0 = Release|x86
		{38884284-A49A-4AE6-84E6-77DFD12B61A8}.AppStore|Any CPU.Deploy.0 = Release|x86
		{38884284-A49A-4AE6-84E6-77DFD12B61A8}.AppStore|ARM.ActiveCfg = Release|ARM
		{38884284-A49A-4AE6-84E6-77DFD12B61A8}.AppStore|ARM.Build.0 = Release|ARM
		{38884284-A49A-4AE6-84E6-77DFD12B61A8}.AppStore|ARM.Deploy.0 = Release|ARM
		{38884284-A49A-4AE6-84E6-77DFD12B61A8}.AppStore|iPhone.ActiveCfg = Release|x86
		{38884284-A49A-4AE6-84E6-77DFD12B61A8}.AppStore|iPhone.Build.0 = Release|x86
		{38884284-A49A-4AE6-84E6-77DFD12B61A8}.AppStore|iPhone.Deploy.0 = Release|x86
		{38884284-A49A-4AE6-84E6-77DFD12B61A8}.AppStore|iPhoneSimulator.ActiveCfg = Release|x86
		{38884284-A49A-4AE6-84E6-77DFD12B61A8}.AppStore|iPhoneSimulator.Build.0 = Release|x86
		{38884284-A49A-4AE6-84E6-77DFD12B61A8}.AppStore|iPhoneSimulator.Deploy.0 = Release|x86
		{38884284-A49A-4AE6-84E6-77DFD12B61A8}.AppStore|x64.ActiveCfg = Release|x64
		{38884284-A49A-4AE6-84E6-77DFD12B61A8}.AppStore|x64.Build.0 = Release|x64
		{38884284-A49A-4AE6-84E6-77DFD12B61A8}.AppStore|x64.Deploy.0 = Release|x64
		{38884284-A49A-4AE6-84E6-77DFD12B61A8}.AppStore|x86.ActiveCfg = Release|x86
		{38884284-A49A-4AE6-84E6-77DFD12B61A8}.AppStore|x86.Build.0 = Release|x86
		{38884284-A49A-4AE6-84E6-77DFD12B61A8}.AppStore|x86.Deploy.0 = Release|x86
		{38884284-A49A-4AE6-84E6-77DFD12B61A8}.Debug|Any CPU.ActiveCfg = Debug|x86
		{38884284-A49A-4AE6-84E6-77DFD12B61A8}.Debug|ARM.ActiveCfg = Debug|ARM
		{38884284-A49A-4AE6-84E6-77DFD12B61A8}.Debug|ARM.Build.0 = Debug|ARM
		{38884284-A49A-4AE6-84E6-77DFD12B61A8}.Debug|ARM.Deploy.0 = Debug|ARM
		{38884284-A49A-4AE6-84E6-77DFD12B61A8}.Debug|iPhone.ActiveCfg = Debug|x86
		{38884284-A49A-4AE6-84E6-77DFD12B61A8}.Debug|iPhoneSimulator.ActiveCfg = Debug|x86
		{38884284-A49A-4AE6-84E6-77DFD12B61A8}.Debug|x64.ActiveCfg = Debug|x64
		{38884284-A49A-4AE6-84E6-77DFD12B61A8}.Debug|x64.Build.0 = Debug|x64
		{38884284-A49A-4AE6-84E6-77DFD12B61A8}.Debug|x64.Deploy.0 = Debug|x64
		{38884284-A49A-4AE6-84E6-77DFD12B61A8}.Debug|x86.ActiveCfg = Debug|x86
		{38884284-A49A-4AE6-84E6-77DFD12B61A8}.Debug|x86.Build.0 = Debug|x86
		{38884284-A49A-4AE6-84E6-77DFD12B61A8}.Debug|x86.Deploy.0 = Debug|x86
		{38884284-A49A-4AE6-84E6-77DFD12B61A8}.Release|Any CPU.ActiveCfg = Release|x86
		{38884284-A49A-4AE6-84E6-77DFD12B61A8}.Release|ARM.ActiveCfg = Release|ARM
		{38884284-A49A-4AE6-84E6-77DFD12B61A8}.Release|ARM.Build.0 = Release|ARM
		{38884284-A49A-4AE6-84E6-77DFD12B61A8}.Release|ARM.Deploy.0 = Release|ARM
		{38884284-A49A-4AE6-84E6-77DFD12B61A8}.Release|iPhone.ActiveCfg = Release|x86
		{38884284-A49A-4AE6-84E6-77DFD12B61A8}.Release|iPhoneSimulator.ActiveCfg = Release|x86
		{38884284-A49A-4AE6-84E6-77DFD12B61A8}.Release|x64.ActiveCfg = Release|x64
		{38884284-A49A-4AE6-84E6-77DFD12B61A8}.Release|x64.Build.0 = Release|x64
		{38884284-A49A-4AE6-84E6-77DFD12B61A8}.Release|x64.Deploy.0 = Release|x64
		{38884284-A49A-4AE6-84E6-77DFD12B61A8}.Release|x86.ActiveCfg = Release|x86
		{38884284-A49A-4AE6-84E6-77DFD12B61A8}.Release|x86.Build.0 = Release|x86
		{38884284-A49A-4AE6-84E6-77DFD12B61A8}.Release|x86.Deploy.0 = Release|x86
		{06300D73-454D-4DC4-A267-C44B65BCAD96}.Ad-Hoc|Any CPU.ActiveCfg = Release|Any CPU
		{06300D73-454D-4DC4-A267-C44B65BCAD96}.Ad-Hoc|Any CPU.Build.0 = Release|Any CPU
		{06300D73-454D-4DC4-A267-C44B65BCAD96}.Ad-Hoc|Any CPU.Deploy.0 = Release|Any CPU
		{06300D73-454D-4DC4-A267-C44B65BCAD96}.Ad-Hoc|ARM.ActiveCfg = Release|ARM
		{06300D73-454D-4DC4-A267-C44B65BCAD96}.Ad-Hoc|ARM.Build.0 = Release|ARM
		{06300D73-454D-4DC4-A267-C44B65BCAD96}.Ad-Hoc|ARM.Deploy.0 = Release|ARM
		{06300D73-454D-4DC4-A267-C44B65BCAD96}.Ad-Hoc|iPhone.ActiveCfg = Release|Any CPU
		{06300D73-454D-4DC4-A267-C44B65BCAD96}.Ad-Hoc|iPhone.Build.0 = Release|Any CPU
		{06300D73-454D-4DC4-A267-C44B65BCAD96}.Ad-Hoc|iPhone.Deploy.0 = Release|Any CPU
		{06300D73-454D-4DC4-A267-C44B65BCAD96}.Ad-Hoc|iPhoneSimulator.ActiveCfg = Release|Any CPU
		{06300D73-454D-4DC4-A267-C44B65BCAD96}.Ad-Hoc|iPhoneSimulator.Build.0 = Release|Any CPU
		{06300D73-454D-4DC4-A267-C44B65BCAD96}.Ad-Hoc|iPhoneSimulator.Deploy.0 = Release|Any CPU
		{06300D73-454D-4DC4-A267-C44B65BCAD96}.Ad-Hoc|x64.ActiveCfg = Release|x64
		{06300D73-454D-4DC4-A267-C44B65BCAD96}.Ad-Hoc|x64.Build.0 = Release|x64
		{06300D73-454D-4DC4-A267-C44B65BCAD96}.Ad-Hoc|x64.Deploy.0 = Release|x64
		{06300D73-454D-4DC4-A267-C44B65BCAD96}.Ad-Hoc|x86.ActiveCfg = Release|x86
		{06300D73-454D-4DC4-A267-C44B65BCAD96}.Ad-Hoc|x86.Build.0 = Release|x86
		{06300D73-454D-4DC4-A267-C44B65BCAD96}.Ad-Hoc|x86.Deploy.0 = Release|x86
		{06300D73-454D-4DC4-A267-C44B65BCAD96}.AppStore|Any CPU.ActiveCfg = Release|Any CPU
		{06300D73-454D-4DC4-A267-C44B65BCAD96}.AppStore|Any CPU.Build.0 = Release|Any CPU
		{06300D73-454D-4DC4-A267-C44B65BCAD96}.AppStore|Any CPU.Deploy.0 = Release|Any CPU
		{06300D73-454D-4DC4-A267-C44B65BCAD96}.AppStore|ARM.ActiveCfg = Release|ARM
		{06300D73-454D-4DC4-A267-C44B65BCAD96}.AppStore|ARM.Build.0 = Release|ARM
		{06300D73-454D-4DC4-A267-C44B65BCAD96}.AppStore|ARM.Deploy.0 = Release|ARM
		{06300D73-454D-4DC4-A267-C44B65BCAD96}.AppStore|iPhone.ActiveCfg = Release|Any CPU
		{06300D73-454D-4DC4-A267-C44B65BCAD96}.AppStore|iPhone.Build.0 = Release|Any CPU
		{06300D73-454D-4DC4-A267-C44B65BCAD96}.AppStore|iPhone.Deploy.0 = Release|Any CPU
		{06300D73-454D-4DC4-A267-C44B65BCAD96}.AppStore|iPhoneSimulator.ActiveCfg = Release|Any CPU
		{06300D73-454D-4DC4-A267-C44B65BCAD96}.AppStore|iPhoneSimulator.Build.0 = Release|Any CPU
		{06300D73-454D-4DC4-A267-C44B65BCAD96}.AppStore|iPhoneSimulator.Deploy.0 = Release|Any CPU
		{06300D73-454D-4DC4-A267-C44B65BCAD96}.AppStore|x64.ActiveCfg = Release|x64
		{06300D73-454D-4DC4-A267-C44B65BCAD96}.AppStore|x64.Build.0 = Release|x64
		{06300D73-454D-4DC4-A267-C44B65BCAD96}.AppStore|x64.Deploy.0 = Release|x64
		{06300D73-454D-4DC4-A267-C44B65BCAD96}.AppStore|x86.ActiveCfg = Release|x86
		{06300D73-454D-4DC4-A267-C44B65BCAD96}.AppStore|x86.Build.0 = Release|x86
		{06300D73-454D-4DC4-A267-C44B65BCAD96}.AppStore|x86.Deploy.0 = Release|x86
		{06300D73-454D-4DC4-A267-C44B65BCAD96}.Debug|Any CPU.ActiveCfg = Debug|Any CPU
		{06300D73-454D-4DC4-A267-C44B65BCAD96}.Debug|Any CPU.Build.0 = Debug|Any CPU
		{06300D73-454D-4DC4-A267-C44B65BCAD96}.Debug|Any CPU.Deploy.0 = Debug|Any CPU
		{06300D73-454D-4DC4-A267-C44B65BCAD96}.Debug|ARM.ActiveCfg = Debug|ARM
		{06300D73-454D-4DC4-A267-C44B65BCAD96}.Debug|ARM.Build.0 = Debug|ARM
		{06300D73-454D-4DC4-A267-C44B65BCAD96}.Debug|ARM.Deploy.0 = Debug|ARM
		{06300D73-454D-4DC4-A267-C44B65BCAD96}.Debug|iPhone.ActiveCfg = Debug|Any CPU
		{06300D73-454D-4DC4-A267-C44B65BCAD96}.Debug|iPhone.Build.0 = Debug|Any CPU
		{06300D73-454D-4DC4-A267-C44B65BCAD96}.Debug|iPhone.Deploy.0 = Debug|Any CPU
		{06300D73-454D-4DC4-A267-C44B65BCAD96}.Debug|iPhoneSimulator.ActiveCfg = Debug|Any CPU
		{06300D73-454D-4DC4-A267-C44B65BCAD96}.Debug|iPhoneSimulator.Build.0 = Debug|Any CPU
		{06300D73-454D-4DC4-A267-C44B65BCAD96}.Debug|iPhoneSimulator.Deploy.0 = Debug|Any CPU
		{06300D73-454D-4DC4-A267-C44B65BCAD96}.Debug|x64.ActiveCfg = Debug|x64
		{06300D73-454D-4DC4-A267-C44B65BCAD96}.Debug|x64.Build.0 = Debug|x64
		{06300D73-454D-4DC4-A267-C44B65BCAD96}.Debug|x64.Deploy.0 = Debug|x64
		{06300D73-454D-4DC4-A267-C44B65BCAD96}.Debug|x86.ActiveCfg = Debug|x86
		{06300D73-454D-4DC4-A267-C44B65BCAD96}.Debug|x86.Build.0 = Debug|x86
		{06300D73-454D-4DC4-A267-C44B65BCAD96}.Debug|x86.Deploy.0 = Debug|x86
		{06300D73-454D-4DC4-A267-C44B65BCAD96}.Release|Any CPU.ActiveCfg = Release|Any CPU
		{06300D73-454D-4DC4-A267-C44B65BCAD96}.Release|Any CPU.Build.0 = Release|Any CPU
		{06300D73-454D-4DC4-A267-C44B65BCAD96}.Release|Any CPU.Deploy.0 = Release|Any CPU
		{06300D73-454D-4DC4-A267-C44B65BCAD96}.Release|ARM.ActiveCfg = Release|ARM
		{06300D73-454D-4DC4-A267-C44B65BCAD96}.Release|ARM.Build.0 = Release|ARM
		{06300D73-454D-4DC4-A267-C44B65BCAD96}.Release|ARM.Deploy.0 = Release|ARM
		{06300D73-454D-4DC4-A267-C44B65BCAD96}.Release|iPhone.ActiveCfg = Release|Any CPU
		{06300D73-454D-4DC4-A267-C44B65BCAD96}.Release|iPhone.Build.0 = Release|Any CPU
		{06300D73-454D-4DC4-A267-C44B65BCAD96}.Release|iPhone.Deploy.0 = Release|Any CPU
		{06300D73-454D-4DC4-A267-C44B65BCAD96}.Release|iPhoneSimulator.ActiveCfg = Release|Any CPU
		{06300D73-454D-4DC4-A267-C44B65BCAD96}.Release|iPhoneSimulator.Build.0 = Release|Any CPU
		{06300D73-454D-4DC4-A267-C44B65BCAD96}.Release|iPhoneSimulator.Deploy.0 = Release|Any CPU
		{06300D73-454D-4DC4-A267-C44B65BCAD96}.Release|x64.ActiveCfg = Release|x64
		{06300D73-454D-4DC4-A267-C44B65BCAD96}.Release|x64.Build.0 = Release|x64
		{06300D73-454D-4DC4-A267-C44B65BCAD96}.Release|x64.Deploy.0 = Release|x64
		{06300D73-454D-4DC4-A267-C44B65BCAD96}.Release|x86.ActiveCfg = Release|x86
		{06300D73-454D-4DC4-A267-C44B65BCAD96}.Release|x86.Build.0 = Release|x86
		{06300D73-454D-4DC4-A267-C44B65BCAD96}.Release|x86.Deploy.0 = Release|x86
		{F5DC2E87-AA3A-425C-A31C-C403AEEFACEB}.Ad-Hoc|Any CPU.ActiveCfg = Release|Any CPU
		{F5DC2E87-AA3A-425C-A31C-C403AEEFACEB}.Ad-Hoc|Any CPU.Build.0 = Release|Any CPU
		{F5DC2E87-AA3A-425C-A31C-C403AEEFACEB}.Ad-Hoc|ARM.ActiveCfg = Release|Any CPU
		{F5DC2E87-AA3A-425C-A31C-C403AEEFACEB}.Ad-Hoc|ARM.Build.0 = Release|Any CPU
		{F5DC2E87-AA3A-425C-A31C-C403AEEFACEB}.Ad-Hoc|iPhone.ActiveCfg = Release|Any CPU
		{F5DC2E87-AA3A-425C-A31C-C403AEEFACEB}.Ad-Hoc|iPhone.Build.0 = Release|Any CPU
		{F5DC2E87-AA3A-425C-A31C-C403AEEFACEB}.Ad-Hoc|iPhoneSimulator.ActiveCfg = Release|Any CPU
		{F5DC2E87-AA3A-425C-A31C-C403AEEFACEB}.Ad-Hoc|iPhoneSimulator.Build.0 = Release|Any CPU
		{F5DC2E87-AA3A-425C-A31C-C403AEEFACEB}.Ad-Hoc|x64.ActiveCfg = Release|Any CPU
		{F5DC2E87-AA3A-425C-A31C-C403AEEFACEB}.Ad-Hoc|x64.Build.0 = Release|Any CPU
		{F5DC2E87-AA3A-425C-A31C-C403AEEFACEB}.Ad-Hoc|x86.ActiveCfg = Release|Any CPU
		{F5DC2E87-AA3A-425C-A31C-C403AEEFACEB}.Ad-Hoc|x86.Build.0 = Release|Any CPU
		{F5DC2E87-AA3A-425C-A31C-C403AEEFACEB}.AppStore|Any CPU.ActiveCfg = Release|Any CPU
		{F5DC2E87-AA3A-425C-A31C-C403AEEFACEB}.AppStore|Any CPU.Build.0 = Release|Any CPU
		{F5DC2E87-AA3A-425C-A31C-C403AEEFACEB}.AppStore|ARM.ActiveCfg = Release|Any CPU
		{F5DC2E87-AA3A-425C-A31C-C403AEEFACEB}.AppStore|ARM.Build.0 = Release|Any CPU
		{F5DC2E87-AA3A-425C-A31C-C403AEEFACEB}.AppStore|iPhone.ActiveCfg = Release|Any CPU
		{F5DC2E87-AA3A-425C-A31C-C403AEEFACEB}.AppStore|iPhone.Build.0 = Release|Any CPU
		{F5DC2E87-AA3A-425C-A31C-C403AEEFACEB}.AppStore|iPhoneSimulator.ActiveCfg = Release|Any CPU
		{F5DC2E87-AA3A-425C-A31C-C403AEEFACEB}.AppStore|iPhoneSimulator.Build.0 = Release|Any CPU
		{F5DC2E87-AA3A-425C-A31C-C403AEEFACEB}.AppStore|x64.ActiveCfg = Release|Any CPU
		{F5DC2E87-AA3A-425C-A31C-C403AEEFACEB}.AppStore|x64.Build.0 = Release|Any CPU
		{F5DC2E87-AA3A-425C-A31C-C403AEEFACEB}.AppStore|x86.ActiveCfg = Release|Any CPU
		{F5DC2E87-AA3A-425C-A31C-C403AEEFACEB}.AppStore|x86.Build.0 = Release|Any CPU
		{F5DC2E87-AA3A-425C-A31C-C403AEEFACEB}.Debug|Any CPU.ActiveCfg = Debug|Any CPU
		{F5DC2E87-AA3A-425C-A31C-C403AEEFACEB}.Debug|Any CPU.Build.0 = Debug|Any CPU
		{F5DC2E87-AA3A-425C-A31C-C403AEEFACEB}.Debug|ARM.ActiveCfg = Debug|Any CPU
		{F5DC2E87-AA3A-425C-A31C-C403AEEFACEB}.Debug|ARM.Build.0 = Debug|Any CPU
		{F5DC2E87-AA3A-425C-A31C-C403AEEFACEB}.Debug|iPhone.ActiveCfg = Debug|Any CPU
		{F5DC2E87-AA3A-425C-A31C-C403AEEFACEB}.Debug|iPhone.Build.0 = Debug|Any CPU
		{F5DC2E87-AA3A-425C-A31C-C403AEEFACEB}.Debug|iPhoneSimulator.ActiveCfg = Debug|Any CPU
		{F5DC2E87-AA3A-425C-A31C-C403AEEFACEB}.Debug|iPhoneSimulator.Build.0 = Debug|Any CPU
		{F5DC2E87-AA3A-425C-A31C-C403AEEFACEB}.Debug|x64.ActiveCfg = Debug|Any CPU
		{F5DC2E87-AA3A-425C-A31C-C403AEEFACEB}.Debug|x64.Build.0 = Debug|Any CPU
		{F5DC2E87-AA3A-425C-A31C-C403AEEFACEB}.Debug|x86.ActiveCfg = Debug|Any CPU
		{F5DC2E87-AA3A-425C-A31C-C403AEEFACEB}.Debug|x86.Build.0 = Debug|Any CPU
		{F5DC2E87-AA3A-425C-A31C-C403AEEFACEB}.Release|Any CPU.ActiveCfg = Release|Any CPU
		{F5DC2E87-AA3A-425C-A31C-C403AEEFACEB}.Release|Any CPU.Build.0 = Release|Any CPU
		{F5DC2E87-AA3A-425C-A31C-C403AEEFACEB}.Release|ARM.ActiveCfg = Release|Any CPU
		{F5DC2E87-AA3A-425C-A31C-C403AEEFACEB}.Release|ARM.Build.0 = Release|Any CPU
		{F5DC2E87-AA3A-425C-A31C-C403AEEFACEB}.Release|iPhone.ActiveCfg = Release|Any CPU
		{F5DC2E87-AA3A-425C-A31C-C403AEEFACEB}.Release|iPhone.Build.0 = Release|Any CPU
		{F5DC2E87-AA3A-425C-A31C-C403AEEFACEB}.Release|iPhoneSimulator.ActiveCfg = Release|Any CPU
		{F5DC2E87-AA3A-425C-A31C-C403AEEFACEB}.Release|iPhoneSimulator.Build.0 = Release|Any CPU
		{F5DC2E87-AA3A-425C-A31C-C403AEEFACEB}.Release|x64.ActiveCfg = Release|Any CPU
		{F5DC2E87-AA3A-425C-A31C-C403AEEFACEB}.Release|x64.Build.0 = Release|Any CPU
		{F5DC2E87-AA3A-425C-A31C-C403AEEFACEB}.Release|x86.ActiveCfg = Release|Any CPU
		{F5DC2E87-AA3A-425C-A31C-C403AEEFACEB}.Release|x86.Build.0 = Release|Any CPU
	EndGlobalSection
	GlobalSection(SolutionProperties) = preSolution
		HideSolutionNode = FALSE
	EndGlobalSection
EndGlobal
